
Microsoft Visual Studio Solution File, Format Version 12.00
# Visual Studio Version 17
VisualStudioVersion = 17.7.34031.279
MinimumVisualStudioVersion = 10.0.40219.1
Project("{FAE04EC0-301F-11D3-BF4B-00C04F79EFBC}") = "bfa", "bfa\bfa.csproj", "{D930DADC-6C61-4AEA-ACE1-CE4D97959FB9}"
EndProject
Global
	GlobalSection(SolutionConfigurationPlatforms) = preSolution
		Debug|Any CPU = Debug|Any CPU
		Release|Any CPU = Release|Any CPU
	EndGlobalSection
	GlobalSection(ProjectConfigurationPlatforms) = postSolution
		{D930DADC-6C61-4AEA-ACE1-CE4D97959FB9}.Debug|Any CPU.ActiveCfg = Debug|Any CPU
		{D930DADC-6C61-4AEA-ACE1-CE4D97959FB9}.Debug|Any CPU.Build.0 = Debug|Any CPU
		{D930DADC-6C61-4AEA-ACE1-CE4D97959FB9}.Release|Any CPU.ActiveCfg = Release|Any CPU
		{D930DADC-6C61-4AEA-ACE1-CE4D97959FB9}.Release|Any CPU.Build.0 = Release|Any CPU
	EndGlobalSection
	GlobalSection(SolutionProperties) = preSolution
		HideSolutionNode = FALSE
	EndGlobalSection
	GlobalSection(ExtensibilityGlobals) = postSolution
		SolutionGuid = {B75364C7-FF8F-4F7F-98E6-F0F49440223D}
	EndGlobalSection
EndGlobal
